// !$*UTF8*$!
{
	archiveVersion = 1;
	classes = {
	};
	objectVersion = 46;
	objects = {

/* Begin PBXBuildFile section */
		C3B5AA021AA24337006CEAF2 /* AppDelegate.m in Sources */ = {isa = PBXBuildFile; fileRef = C3B5AA011AA24337006CEAF2 /* AppDelegate.m */; };
		C3B5AA041AA24337006CEAF2 /* main.m in Sources */ = {isa = PBXBuildFile; fileRef = C3B5AA031AA24337006CEAF2 /* main.m */; };
		C3B5AA061AA24337006CEAF2 /* Images.xcassets in Resources */ = {isa = PBXBuildFile; fileRef = C3B5AA051AA24337006CEAF2 /* Images.xcassets */; };
		C3B5AA091AA24337006CEAF2 /* MainMenu.xib in Resources */ = {isa = PBXBuildFile; fileRef = C3B5AA071AA24337006CEAF2 /* MainMenu.xib */; };
		C3B5AA151AA24337006CEAF2 /* FalloutTerminalKeyMapperTests.m in Sources */ = {isa = PBXBuildFile; fileRef = C3B5AA141AA24337006CEAF2 /* FalloutTerminalKeyMapperTests.m */; };
		C3B5AA221AA24370006CEAF2 /* k2.mp3 in Resources */ = {isa = PBXBuildFile; fileRef = C3B5AA1F1AA24370006CEAF2 /* k2.mp3 */; };
		C3B5AA231AA24370006CEAF2 /* k3.mp3 in Resources */ = {isa = PBXBuildFile; fileRef = C3B5AA201AA24370006CEAF2 /* k3.mp3 */; };
		C3B5AA241AA24370006CEAF2 /* k4.mp3 in Resources */ = {isa = PBXBuildFile; fileRef = C3B5AA211AA24370006CEAF2 /* k4.mp3 */; };
		C3B5AA261AA24BAC006CEAF2 /* kenter.mp3 in Resources */ = {isa = PBXBuildFile; fileRef = C3B5AA251AA24BAC006CEAF2 /* kenter.mp3 */; };
		C3B5AA291AA24F43006CEAF2 /* poweroff.mp3 in Resources */ = {isa = PBXBuildFile; fileRef = C3B5AA271AA24F43006CEAF2 /* poweroff.mp3 */; };
		C3B5AA2A1AA24F43006CEAF2 /* poweron.mp3 in Resources */ = {isa = PBXBuildFile; fileRef = C3B5AA281AA24F43006CEAF2 /* poweron.mp3 */; };
		C3B5AA351AA25DB2006CEAF2 /* pipboy_icon.png in Resources */ = {isa = PBXBuildFile; fileRef = C3B5AA341AA25DB2006CEAF2 /* pipboy_icon.png */; };
/* End PBXBuildFile section */

/* Begin PBXContainerItemProxy section */
		C3B5AA0F1AA24337006CEAF2 /* PBXContainerItemProxy */ = {
			isa = PBXContainerItemProxy;
			containerPortal = C3B5A9F31AA24337006CEAF2 /* Project object */;
			proxyType = 1;
			remoteGlobalIDString = C3B5A9FA1AA24337006CEAF2;
			remoteInfo = FalloutTerminalKeyMapper;
		};
/* End PBXContainerItemProxy section */

/* Begin PBXFileReference section */
		C3B5A9FB1AA24337006CEAF2 /* FalloutTerminalKeyMapper.app */ = {isa = PBXFileReference; explicitFileType = wrapper.application; includeInIndex = 0; path = FalloutTerminalKeyMapper.app; sourceTree = BUILT_PRODUCTS_DIR; };
		C3B5A9FF1AA24337006CEAF2 /* Info.plist */ = {isa = PBXFileReference; lastKnownFileType = text.plist.xml; path = Info.plist; sourceTree = "<group>"; };
		C3B5AA001AA24337006CEAF2 /* AppDelegate.h */ = {isa = PBXFileReference; lastKnownFileType = sourcecode.c.h; path = AppDelegate.h; sourceTree = "<group>"; };
		C3B5AA011AA24337006CEAF2 /* AppDelegate.m */ = {isa = PBXFileReference; lastKnownFileType = sourcecode.c.objc; path = AppDelegate.m; sourceTree = "<group>"; };
		C3B5AA031AA24337006CEAF2 /* main.m */ = {isa = PBXFileReference; lastKnownFileType = sourcecode.c.objc; path = main.m; sourceTree = "<group>"; };
		C3B5AA051AA24337006CEAF2 /* Images.xcassets */ = {isa = PBXFileReference; lastKnownFileType = folder.assetcatalog; path = Images.xcassets; sourceTree = "<group>"; };
		C3B5AA081AA24337006CEAF2 /* Base */ = {isa = PBXFileReference; lastKnownFileType = file.xib; name = Base; path = Base.lproj/MainMenu.xib; sourceTree = "<group>"; };
		C3B5AA0E1AA24337006CEAF2 /* FalloutTerminalKeyMapperTests.xctest */ = {isa = PBXFileReference; explicitFileType = wrapper.cfbundle; includeInIndex = 0; path = FalloutTerminalKeyMapperTests.xctest; sourceTree = BUILT_PRODUCTS_DIR; };
		C3B5AA131AA24337006CEAF2 /* Info.plist */ = {isa = PBXFileReference; lastKnownFileType = text.plist.xml; path = Info.plist; sourceTree = "<group>"; };
		C3B5AA141AA24337006CEAF2 /* FalloutTerminalKeyMapperTests.m */ = {isa = PBXFileReference; lastKnownFileType = sourcecode.c.objc; path = FalloutTerminalKeyMapperTests.m; sourceTree = "<group>"; };
		C3B5AA1F1AA24370006CEAF2 /* k2.mp3 */ = {isa = PBXFileReference; lastKnownFileType = audio.mp3; path = k2.mp3; sourceTree = "<group>"; };
		C3B5AA201AA24370006CEAF2 /* k3.mp3 */ = {isa = PBXFileReference; lastKnownFileType = audio.mp3; path = k3.mp3; sourceTree = "<group>"; };
		C3B5AA211AA24370006CEAF2 /* k4.mp3 */ = {isa = PBXFileReference; lastKnownFileType = audio.mp3; path = k4.mp3; sourceTree = "<group>"; };
		C3B5AA251AA24BAC006CEAF2 /* kenter.mp3 */ = {isa = PBXFileReference; lastKnownFileType = audio.mp3; path = kenter.mp3; sourceTree = "<group>"; };
		C3B5AA271AA24F43006CEAF2 /* poweroff.mp3 */ = {isa = PBXFileReference; lastKnownFileType = audio.mp3; path = poweroff.mp3; sourceTree = "<group>"; };
		C3B5AA281AA24F43006CEAF2 /* poweron.mp3 */ = {isa = PBXFileReference; lastKnownFileType = audio.mp3; path = poweron.mp3; sourceTree = "<group>"; };
		C3B5AA341AA25DB2006CEAF2 /* pipboy_icon.png */ = {isa = PBXFileReference; lastKnownFileType = image.png; path = pipboy_icon.png; sourceTree = "<group>"; };
/* End PBXFileReference section */

/* Begin PBXFrameworksBuildPhase section */
		C3B5A9F81AA24337006CEAF2 /* Frameworks */ = {
			isa = PBXFrameworksBuildPhase;
			buildActionMask = 2147483647;
			files = (
			);
			runOnlyForDeploymentPostprocessing = 0;
		};
		C3B5AA0B1AA24337006CEAF2 /* Frameworks */ = {
			isa = PBXFrameworksBuildPhase;
			buildActionMask = 2147483647;
			files = (
			);
			runOnlyForDeploymentPostprocessing = 0;
		};
/* End PBXFrameworksBuildPhase section */

/* Begin PBXGroup section */
		C3B5A9F21AA24337006CEAF2 = {
			isa = PBXGroup;
			children = (
				C3B5A9FD1AA24337006CEAF2 /* FalloutTerminalKeyMapper */,
				C3B5AA111AA24337006CEAF2 /* FalloutTerminalKeyMapperTests */,
				C3B5A9FC1AA24337006CEAF2 /* Products */,
			);
			sourceTree = "<group>";
		};
		C3B5A9FC1AA24337006CEAF2 /* Products */ = {
			isa = PBXGroup;
			children = (
				C3B5A9FB1AA24337006CEAF2 /* FalloutTerminalKeyMapper.app */,
				C3B5AA0E1AA24337006CEAF2 /* FalloutTerminalKeyMapperTests.xctest */,
			);
			name = Products;
			sourceTree = "<group>";
		};
		C3B5A9FD1AA24337006CEAF2 /* FalloutTerminalKeyMapper */ = {
			isa = PBXGroup;
			children = (
				C3B5AA2D1AA25965006CEAF2 /* Icons */,
				C3B5AA1E1AA24363006CEAF2 /* Sounds */,
				C3B5AA001AA24337006CEAF2 /* AppDelegate.h */,
				C3B5AA011AA24337006CEAF2 /* AppDelegate.m */,
				C3B5AA051AA24337006CEAF2 /* Images.xcassets */,
				C3B5AA071AA24337006CEAF2 /* MainMenu.xib */,
				C3B5A9FE1AA24337006CEAF2 /* Supporting Files */,
			);
			path = FalloutTerminalKeyMapper;
			sourceTree = "<group>";
		};
		C3B5A9FE1AA24337006CEAF2 /* Supporting Files */ = {
			isa = PBXGroup;
			children = (
				C3B5A9FF1AA24337006CEAF2 /* Info.plist */,
				C3B5AA031AA24337006CEAF2 /* main.m */,
			);
			name = "Supporting Files";
			sourceTree = "<group>";
		};
		C3B5AA111AA24337006CEAF2 /* FalloutTerminalKeyMapperTests */ = {
			isa = PBXGroup;
			children = (
				C3B5AA141AA24337006CEAF2 /* FalloutTerminalKeyMapperTests.m */,
				C3B5AA121AA24337006CEAF2 /* Supporting Files */,
			);
			path = FalloutTerminalKeyMapperTests;
			sourceTree = "<group>";
		};
		C3B5AA121AA24337006CEAF2 /* Supporting Files */ = {
			isa = PBXGroup;
			children = (
				C3B5AA131AA24337006CEAF2 /* Info.plist */,
			);
			name = "Supporting Files";
			sourceTree = "<group>";
		};
		C3B5AA1E1AA24363006CEAF2 /* Sounds */ = {
			isa = PBXGroup;
			children = (
				C3B5AA271AA24F43006CEAF2 /* poweroff.mp3 */,
				C3B5AA281AA24F43006CEAF2 /* poweron.mp3 */,
				C3B5AA251AA24BAC006CEAF2 /* kenter.mp3 */,
				C3B5AA1F1AA24370006CEAF2 /* k2.mp3 */,
				C3B5AA201AA24370006CEAF2 /* k3.mp3 */,
				C3B5AA211AA24370006CEAF2 /* k4.mp3 */,
			);
			name = Sounds;
			sourceTree = "<group>";
		};
		C3B5AA2D1AA25965006CEAF2 /* Icons */ = {
			isa = PBXGroup;
			children = (
				C3B5AA341AA25DB2006CEAF2 /* pipboy_icon.png */,
			);
			name = Icons;
			sourceTree = "<group>";
		};
/* End PBXGroup section */

/* Begin PBXNativeTarget section */
		C3B5A9FA1AA24337006CEAF2 /* FalloutTerminalKeyMapper */ = {
			isa = PBXNativeTarget;
			buildConfigurationList = C3B5AA181AA24337006CEAF2 /* Build configuration list for PBXNativeTarget "FalloutTerminalKeyMapper" */;
			buildPhases = (
				C3B5A9F71AA24337006CEAF2 /* Sources */,
				C3B5A9F81AA24337006CEAF2 /* Frameworks */,
				C3B5A9F91AA24337006CEAF2 /* Resources */,
			);
			buildRules = (
			);
			dependencies = (
			);
			name = FalloutTerminalKeyMapper;
			productName = FalloutTerminalKeyMapper;
			productReference = C3B5A9FB1AA24337006CEAF2 /* FalloutTerminalKeyMapper.app */;
			productType = "com.apple.product-type.application";
		};
		C3B5AA0D1AA24337006CEAF2 /* FalloutTerminalKeyMapperTests */ = {
			isa = PBXNativeTarget;
			buildConfigurationList = C3B5AA1B1AA24337006CEAF2 /* Build configuration list for PBXNativeTarget "FalloutTerminalKeyMapperTests" */;
			buildPhases = (
				C3B5AA0A1AA24337006CEAF2 /* Sources */,
				C3B5AA0B1AA24337006CEAF2 /* Frameworks */,
				C3B5AA0C1AA24337006CEAF2 /* Resources */,
			);
			buildRules = (
			);
			dependencies = (
				C3B5AA101AA24337006CEAF2 /* PBXTargetDependency */,
			);
			name = FalloutTerminalKeyMapperTests;
			productName = FalloutTerminalKeyMapperTests;
			productReference = C3B5AA0E1AA24337006CEAF2 /* FalloutTerminalKeyMapperTests.xctest */;
			productType = "com.apple.product-type.bundle.unit-test";
		};
/* End PBXNativeTarget section */

/* Begin PBXProject section */
		C3B5A9F31AA24337006CEAF2 /* Project object */ = {
			isa = PBXProject;
			attributes = {
				LastUpgradeCheck = 0610;
				ORGANIZATIONNAME = mdt;
				TargetAttributes = {
					C3B5A9FA1AA24337006CEAF2 = {
						CreatedOnToolsVersion = 6.1.1;
					};
					C3B5AA0D1AA24337006CEAF2 = {
						CreatedOnToolsVersion = 6.1.1;
						TestTargetID = C3B5A9FA1AA24337006CEAF2;
					};
				};
			};
			buildConfigurationList = C3B5A9F61AA24337006CEAF2 /* Build configuration list for PBXProject "FalloutTerminalKeyMapper" */;
			compatibilityVersion = "Xcode 3.2";
			developmentRegion = English;
			hasScannedForEncodings = 0;
			knownRegions = (
				en,
				Base,
			);
			mainGroup = C3B5A9F21AA24337006CEAF2;
			productRefGroup = C3B5A9FC1AA24337006CEAF2 /* Products */;
			projectDirPath = "";
			projectRoot = "";
			targets = (
				C3B5A9FA1AA24337006CEAF2 /* FalloutTerminalKeyMapper */,
				C3B5AA0D1AA24337006CEAF2 /* FalloutTerminalKeyMapperTests */,
			);
		};
/* End PBXProject section */

/* Begin PBXResourcesBuildPhase section */
		C3B5A9F91AA24337006CEAF2 /* Resources */ = {
			isa = PBXResourcesBuildPhase;
			buildActionMask = 2147483647;
			files = (
				C3B5AA241AA24370006CEAF2 /* k4.mp3 in Resources */,
				C3B5AA351AA25DB2006CEAF2 /* pipboy_icon.png in Resources */,
				C3B5AA261AA24BAC006CEAF2 /* kenter.mp3 in Resources */,
				C3B5AA061AA24337006CEAF2 /* Images.xcassets in Resources */,
				C3B5AA2A1AA24F43006CEAF2 /* poweron.mp3 in Resources */,
				C3B5AA221AA24370006CEAF2 /* k2.mp3 in Resources */,
				C3B5AA291AA24F43006CEAF2 /* poweroff.mp3 in Resources */,
				C3B5AA231AA24370006CEAF2 /* k3.mp3 in Resources */,
				C3B5AA091AA24337006CEAF2 /* MainMenu.xib in Resources */,
			);
			runOnlyForDeploymentPostprocessing = 0;
		};
		C3B5AA0C1AA24337006CEAF2 /* Resources */ = {
			isa = PBXResourcesBuildPhase;
			buildActionMask = 2147483647;
			files = (
			);
			runOnlyForDeploymentPostprocessing = 0;
		};
/* End PBXResourcesBuildPhase section */

/* Begin PBXSourcesBuildPhase section */
		C3B5A9F71AA24337006CEAF2 /* Sources */ = {
			isa = PBXSourcesBuildPhase;
			buildActionMask = 2147483647;
			files = (
				C3B5AA041AA24337006CEAF2 /* main.m in Sources */,
				C3B5AA021AA24337006CEAF2 /* AppDelegate.m in Sources */,
			);
			runOnlyForDeploymentPostprocessing = 0;
		};
		C3B5AA0A1AA24337006CEAF2 /* Sources */ = {
			isa = PBXSourcesBuildPhase;
			buildActionMask = 2147483647;
			files = (
				C3B5AA151AA24337006CEAF2 /* FalloutTerminalKeyMapperTests.m in Sources */,
			);
			runOnlyForDeploymentPostprocessing = 0;
		};
/* End PBXSourcesBuildPhase section */

/* Begin PBXTargetDependency section */
		C3B5AA101AA24337006CEAF2 /* PBXTargetDependency */ = {
			isa = PBXTargetDependency;
			target = C3B5A9FA1AA24337006CEAF2 /* FalloutTerminalKeyMapper */;
			targetProxy = C3B5AA0F1AA24337006CEAF2 /* PBXContainerItemProxy */;
		};
/* End PBXTargetDependency section */

/* Begin PBXVariantGroup section */
		C3B5AA071AA24337006CEAF2 /* MainMenu.xib */ = {
			isa = PBXVariantGroup;
			children = (
				C3B5AA081AA24337006CEAF2 /* Base */,
			);
			name = MainMenu.xib;
			sourceTree = "<group>";
		};
/* End PBXVariantGroup section */

/* Begin XCBuildConfiguration section */
		C3B5AA161AA24337006CEAF2 /* Debug */ = {
			isa = XCBuildConfiguration;
			buildSettings = {
				ALWAYS_SEARCH_USER_PATHS = NO;
				CLANG_CXX_LANGUAGE_STANDARD = "gnu++0x";
				CLANG_CXX_LIBRARY = "libc++";
				CLANG_ENABLE_MODULES = YES;
				CLANG_ENABLE_OBJC_ARC = YES;
				CLANG_WARN_BOOL_CONVERSION = YES;
				CLANG_WARN_CONSTANT_CONVERSION = YES;
				CLANG_WARN_DIRECT_OBJC_ISA_USAGE = YES_ERROR;
				CLANG_WARN_EMPTY_BODY = YES;
				CLANG_WARN_ENUM_CONVERSION = YES;
				CLANG_WARN_INT_CONVERSION = YES;
				CLANG_WARN_OBJC_ROOT_CLASS = YES_ERROR;
				CLANG_WARN_UNREACHABLE_CODE = YES;
				CLANG_WARN__DUPLICATE_METHOD_MATCH = YES;
				CODE_SIGN_IDENTITY = "-";
				COPY_PHASE_STRIP = NO;
				ENABLE_STRICT_OBJC_MSGSEND = YES;
				GCC_C_LANGUAGE_STANDARD = gnu99;
				GCC_DYNAMIC_NO_PIC = NO;
				GCC_OPTIMIZATION_LEVEL = 0;
				GCC_PREPROCESSOR_DEFINITIONS = (
					"DEBUG=1",
					"$(inherited)",
				);
				GCC_SYMBOLS_PRIVATE_EXTERN = NO;
				GCC_WARN_64_TO_32_BIT_CONVERSION = YES;
				GCC_WARN_ABOUT_RETURN_TYPE = YES_ERROR;
				GCC_WARN_UNDECLARED_SELECTOR = YES;
				GCC_WARN_UNINITIALIZED_AUTOS = YES_AGGRESSIVE;
				GCC_WARN_UNUSED_FUNCTION = YES;
				GCC_WARN_UNUSED_VARIABLE = YES;
				MACOSX_DEPLOYMENT_TARGET = 10.10;
				MTL_ENABLE_DEBUG_INFO = YES;
				ONLY_ACTIVE_ARCH = YES;
				SDKROOT = macosx;
			};
			name = Debug;
		};
		C3B5AA171AA24337006CEAF2 /* Release */ = {
			isa = XCBuildConfiguration;
			buildSettings = {
				ALWAYS_SEARCH_USER_PATHS = NO;
				CLANG_CXX_LANGUAGE_STANDARD = "gnu++0x";
				CLANG_CXX_LIBRARY = "libc++";
				CLANG_ENABLE_MODULES = YES;
				CLANG_ENABLE_OBJC_ARC = YES;
				CLANG_WARN_BOOL_CONVERSION = YES;
				CLANG_WARN_CONSTANT_CONVERSION = YES;
				CLANG_WARN_DIRECT_OBJC_ISA_USAGE = YES_ERROR;
				CLANG_WARN_EMPTY_BODY = YES;
				CLANG_WARN_ENUM_CONVERSION = YES;
				CLANG_WARN_INT_CONVERSION = YES;
				CLANG_WARN_OBJC_ROOT_CLASS = YES_ERROR;
				CLANG_WARN_UNREACHABLE_CODE = YES;
				CLANG_WARN__DUPLICATE_METHOD_MATCH = YES;
				CODE_SIGN_IDENTITY = "-";
				COPY_PHASE_STRIP = YES;
				DEBUG_INFORMATION_FORMAT = "dwarf-with-dsym";
				ENABLE_NS_ASSERTIONS = NO;
				ENABLE_STRICT_OBJC_MSGSEND = YES;
				GCC_C_LANGUAGE_STANDARD = gnu99;
				GCC_WARN_64_TO_32_BIT_CONVERSION = YES;
				GCC_WARN_ABOUT_RETURN_TYPE = YES_ERROR;
				GCC_WARN_UNDECLARED_SELECTOR = YES;
				GCC_WARN_UNINITIALIZED_AUTOS = YES_AGGRESSIVE;
				GCC_WARN_UNUSED_FUNCTION = YES;
				GCC_WARN_UNUSED_VARIABLE = YES;
				MACOSX_DEPLOYMENT_TARGET = 10.10;
				MTL_ENABLE_DEBUG_INFO = NO;
				SDKROOT = macosx;
			};
			name = Release;
		};
		C3B5AA191AA24337006CEAF2 /* Debug */ = {
			isa = XCBuildConfiguration;
			buildSettings = {
				ASSETCATALOG_COMPILER_APPICON_NAME = AppIcon;
				COMBINE_HIDPI_IMAGES = YES;
				INFOPLIST_FILE = FalloutTerminalKeyMapper/Info.plist;
				LD_RUNPATH_SEARCH_PATHS = "$(inherited) @executable_path/../Frameworks";
				PRODUCT_NAME = "$(TARGET_NAME)";
			};
			name = Debug;
		};
		C3B5AA1A1AA24337006CEAF2 /* Release */ = {
			isa = XCBuildConfiguration;
			buildSettings = {
				ASSETCATALOG_COMPILER_APPICON_NAME = AppIcon;
				COMBINE_HIDPI_IMAGES = YES;
				INFOPLIST_FILE = FalloutTerminalKeyMapper/Info.plist;
				LD_RUNPATH_SEARCH_PATHS = "$(inherited) @executable_path/../Frameworks";
				PRODUCT_NAME = "$(TARGET_NAME)";
			};
			name = Release;
		};
		C3B5AA1C1AA24337006CEAF2 /* Debug */ = {
			isa = XCBuildConfiguration;
			buildSettings = {
				BUNDLE_LOADER = "$(TEST_HOST)";
				COMBINE_HIDPI_IMAGES = YES;
				FRAMEWORK_SEARCH_PATHS = (
					"$(DEVELOPER_FRAMEWORKS_DIR)",
					"$(inherited)",
				);
				GCC_PREPROCESSOR_DEFINITIONS = (
					"DEBUG=1",
					"$(inherited)",
				);
				INFOPLIST_FILE = FalloutTerminalKeyMapperTests/Info.plist;
				LD_RUNPATH_SEARCH_PATHS = "$(inherited) @executable_path/../Frameworks @loader_path/../Frameworks";
				PRODUCT_NAME = "$(TARGET_NAME)";
				TEST_HOST = "$(BUILT_PRODUCTS_DIR)/FalloutTerminalKeyMapper.app/Contents/MacOS/FalloutTerminalKeyMapper";
			};
			name = Debug;
		};
		C3B5AA1D1AA24337006CEAF2 /* Release */ = {
			isa = XCBuildConfiguration;
			buildSettings = {
				BUNDLE_LOADER = "$(TEST_HOST)";
				COMBINE_HIDPI_IMAGES = YES;
				FRAMEWORK_SEARCH_PATHS = (
					"$(DEVELOPER_FRAMEWORKS_DIR)",
					"$(inherited)",
				);
				INFOPLIST_FILE = FalloutTerminalKeyMapperTests/Info.plist;
				LD_RUNPATH_SEARCH_PATHS = "$(inherited) @executable_path/../Frameworks @loader_path/../Frameworks";
				PRODUCT_NAME = "$(TARGET_NAME)";
				TEST_HOST = "$(BUILT_PRODUCTS_DIR)/FalloutTerminalKeyMapper.app/Contents/MacOS/FalloutTerminalKeyMapper";
			};
			name = Release;
		};
/* End XCBuildConfiguration section */

/* Begin XCConfigurationList section */
		C3B5A9F61AA24337006CEAF2 /* Build configuration list for PBXProject "FalloutTerminalKeyMapper" */ = {
			isa = XCConfigurationList;
			buildConfigurations = (
				C3B5AA161AA24337006CEAF2 /* Debug */,
				C3B5AA171AA24337006CEAF2 /* Release */,
			);
			defaultConfigurationIsVisible = 0;
			defaultConfigurationName = Release;
		};
		C3B5AA181AA24337006CEAF2 /* Build configuration list for PBXNativeTarget "FalloutTerminalKeyMapper" */ = {
			isa = XCConfigurationList;
			buildConfigurations = (
				C3B5AA191AA24337006CEAF2 /* Debug */,
				C3B5AA1A1AA24337006CEAF2 /* Release */,
			);
			defaultConfigurationIsVisible = 0;
			defaultConfigurationName = Release;
		};
		C3B5AA1B1AA24337006CEAF2 /* Build configuration list for PBXNativeTarget "FalloutTerminalKeyMapperTests" */ = {
			isa = XCConfigurationList;
			buildConfigurations = (
				C3B5AA1C1AA24337006CEAF2 /* Debug */,
				C3B5AA1D1AA24337006CEAF2 /* Release */,
			);
			defaultConfigurationIsVisible = 0;
			defaultConfigurationName = Release;
		};
/* End XCConfigurationList section */
	};
	rootObject = C3B5A9F31AA24337006CEAF2 /* Project object */;
}
